// !$*UTF8*$!
{
	archiveVersion = 1;
	classes = {
	};
	objectVersion = 50;
	objects = {

/* Begin PBXBuildFile section */
		8B0B82FF21C55E7A00D6DC4C /* ResearchKit.framework in Frameworks */ = {isa = PBXBuildFile; fileRef = 8B0B82FB21C55E6100D6DC4C /* ResearchKit.framework */; };
		8B0B830121C561F100D6DC4C /* WellbeingAssessTask.swift in Sources */ = {isa = PBXBuildFile; fileRef = 8B0B830021C561F100D6DC4C /* WellbeingAssessTask.swift */; };
		8B46519E21C721100090C4A7 /* BarriersTask.swift in Sources */ = {isa = PBXBuildFile; fileRef = 8B46519D21C721100090C4A7 /* BarriersTask.swift */; };
		8BD103D921D81DA200B5A4ED /* ViewController.swift in Sources */ = {isa = PBXBuildFile; fileRef = 8BE78CFC21C46BEA0007C1F8 /* ViewController.swift */; };
		8BD103DD21D81DA300B5A4ED /* ViewController.swift in Sources */ = {isa = PBXBuildFile; fileRef = 8BE78CFC21C46BEA0007C1F8 /* ViewController.swift */; };
		8BD103E021D821A200B5A4ED /* ResearchKit.framework in Frameworks */ = {isa = PBXBuildFile; fileRef = 8B0B82FB21C55E6100D6DC4C /* ResearchKit.framework */; };
		8BD103E121D821A200B5A4ED /* ResearchKit.framework in Embed Frameworks */ = {isa = PBXBuildFile; fileRef = 8B0B82FB21C55E6100D6DC4C /* ResearchKit.framework */; settings = {ATTRIBUTES = (CodeSignOnCopy, RemoveHeadersOnCopy, ); }; };
		8BE78CFB21C46BEA0007C1F8 /* AppDelegate.swift in Sources */ = {isa = PBXBuildFile; fileRef = 8BE78CFA21C46BEA0007C1F8 /* AppDelegate.swift */; };
		8BE78CFD21C46BEA0007C1F8 /* ViewController.swift in Sources */ = {isa = PBXBuildFile; fileRef = 8BE78CFC21C46BEA0007C1F8 /* ViewController.swift */; };
		8BE78D0021C46BEA0007C1F8 /* Main.storyboard in Resources */ = {isa = PBXBuildFile; fileRef = 8BE78CFE21C46BEA0007C1F8 /* Main.storyboard */; };
		8BE78D0321C46BEA0007C1F8 /* Wellbeing.xcdatamodeld in Sources */ = {isa = PBXBuildFile; fileRef = 8BE78D0121C46BEA0007C1F8 /* Wellbeing.xcdatamodeld */; };
		8BE78D0521C46BEB0007C1F8 /* Assets.xcassets in Resources */ = {isa = PBXBuildFile; fileRef = 8BE78D0421C46BEB0007C1F8 /* Assets.xcassets */; };
		8BE78D0821C46BEB0007C1F8 /* LaunchScreen.storyboard in Resources */ = {isa = PBXBuildFile; fileRef = 8BE78D0621C46BEB0007C1F8 /* LaunchScreen.storyboard */; };
		8BE78D1321C46BEB0007C1F8 /* WellbeingTests.swift in Sources */ = {isa = PBXBuildFile; fileRef = 8BE78D1221C46BEB0007C1F8 /* WellbeingTests.swift */; };
		8BE78D1E21C46BEB0007C1F8 /* WellbeingUITests.swift in Sources */ = {isa = PBXBuildFile; fileRef = 8BE78D1D21C46BEB0007C1F8 /* WellbeingUITests.swift */; };
		8BE78D2C21C472C90007C1F8 /* ConsentTask.swift in Sources */ = {isa = PBXBuildFile; fileRef = 8BE78D2B21C472C90007C1F8 /* ConsentTask.swift */; };
/* End PBXBuildFile section */

/* Begin PBXContainerItemProxy section */
		8B0B82FA21C55E6100D6DC4C /* PBXContainerItemProxy */ = {
			isa = PBXContainerItemProxy;
			containerPortal = 8B0B82F421C55E6000D6DC4C /* ResearchKit.xcodeproj */;
			proxyType = 2;
			remoteGlobalIDString = B183A5951A8535D100C76870;
			remoteInfo = ResearchKit;
		};
		8B0B82FC21C55E6100D6DC4C /* PBXContainerItemProxy */ = {
			isa = PBXContainerItemProxy;
			containerPortal = 8B0B82F421C55E6000D6DC4C /* ResearchKit.xcodeproj */;
			proxyType = 2;
			remoteGlobalIDString = 86CC8E9A1AC09332001CCD89;
			remoteInfo = ResearchKitTests;
		};
		8BD103E221D821A200B5A4ED /* PBXContainerItemProxy */ = {
			isa = PBXContainerItemProxy;
			containerPortal = 8B0B82F421C55E6000D6DC4C /* ResearchKit.xcodeproj */;
			proxyType = 1;
			remoteGlobalIDString = B183A4731A8535D100C76870;
			remoteInfo = ResearchKit;
		};
		8BE78D0F21C46BEB0007C1F8 /* PBXContainerItemProxy */ = {
			isa = PBXContainerItemProxy;
			containerPortal = 8BE78CEF21C46BEA0007C1F8 /* Project object */;
			proxyType = 1;
			remoteGlobalIDString = 8BE78CF621C46BEA0007C1F8;
			remoteInfo = Wellbeing;
		};
		8BE78D1A21C46BEB0007C1F8 /* PBXContainerItemProxy */ = {
			isa = PBXContainerItemProxy;
			containerPortal = 8BE78CEF21C46BEA0007C1F8 /* Project object */;
			proxyType = 1;
			remoteGlobalIDString = 8BE78CF621C46BEA0007C1F8;
			remoteInfo = Wellbeing;
		};
/* End PBXContainerItemProxy section */

/* Begin PBXCopyFilesBuildPhase section */
		8BD103E421D821A200B5A4ED /* Embed Frameworks */ = {
			isa = PBXCopyFilesBuildPhase;
			buildActionMask = 2147483647;
			dstPath = "";
			dstSubfolderSpec = 10;
			files = (
				8BD103E121D821A200B5A4ED /* ResearchKit.framework in Embed Frameworks */,
			);
			name = "Embed Frameworks";
			runOnlyForDeploymentPostprocessing = 0;
		};
/* End PBXCopyFilesBuildPhase section */

/* Begin PBXFileReference section */
		8B0B82F421C55E6000D6DC4C /* ResearchKit.xcodeproj */ = {isa = PBXFileReference; lastKnownFileType = "wrapper.pb-project"; name = ResearchKit.xcodeproj; path = "ResearchKit-master/ResearchKit.xcodeproj"; sourceTree = "<group>"; };
		8B0B830021C561F100D6DC4C /* WellbeingAssessTask.swift */ = {isa = PBXFileReference; lastKnownFileType = sourcecode.swift; path = WellbeingAssessTask.swift; sourceTree = "<group>"; };
		8B46519D21C721100090C4A7 /* BarriersTask.swift */ = {isa = PBXFileReference; lastKnownFileType = sourcecode.swift; path = BarriersTask.swift; sourceTree = "<group>"; };
		8BE78CF721C46BEA0007C1F8 /* Wellbeing.app */ = {isa = PBXFileReference; explicitFileType = wrapper.application; includeInIndex = 0; path = Wellbeing.app; sourceTree = BUILT_PRODUCTS_DIR; };
		8BE78CFA21C46BEA0007C1F8 /* AppDelegate.swift */ = {isa = PBXFileReference; lastKnownFileType = sourcecode.swift; path = AppDelegate.swift; sourceTree = "<group>"; };
		8BE78CFC21C46BEA0007C1F8 /* ViewController.swift */ = {isa = PBXFileReference; lastKnownFileType = sourcecode.swift; path = ViewController.swift; sourceTree = "<group>"; };
		8BE78CFF21C46BEA0007C1F8 /* Base */ = {isa = PBXFileReference; lastKnownFileType = file.storyboard; name = Base; path = Base.lproj/Main.storyboard; sourceTree = "<group>"; };
		8BE78D0221C46BEA0007C1F8 /* Wellbeing.xcdatamodel */ = {isa = PBXFileReference; lastKnownFileType = wrapper.xcdatamodel; path = Wellbeing.xcdatamodel; sourceTree = "<group>"; };
		8BE78D0421C46BEB0007C1F8 /* Assets.xcassets */ = {isa = PBXFileReference; lastKnownFileType = folder.assetcatalog; path = Assets.xcassets; sourceTree = "<group>"; };
		8BE78D0721C46BEB0007C1F8 /* Base */ = {isa = PBXFileReference; lastKnownFileType = file.storyboard; name = Base; path = Base.lproj/LaunchScreen.storyboard; sourceTree = "<group>"; };
		8BE78D0921C46BEB0007C1F8 /* Info.plist */ = {isa = PBXFileReference; lastKnownFileType = text.plist.xml; path = Info.plist; sourceTree = "<group>"; };
		8BE78D0E21C46BEB0007C1F8 /* WellbeingTests.xctest */ = {isa = PBXFileReference; explicitFileType = wrapper.cfbundle; includeInIndex = 0; path = WellbeingTests.xctest; sourceTree = BUILT_PRODUCTS_DIR; };
		8BE78D1221C46BEB0007C1F8 /* WellbeingTests.swift */ = {isa = PBXFileReference; lastKnownFileType = sourcecode.swift; path = WellbeingTests.swift; sourceTree = "<group>"; };
		8BE78D1421C46BEB0007C1F8 /* Info.plist */ = {isa = PBXFileReference; lastKnownFileType = text.plist.xml; path = Info.plist; sourceTree = "<group>"; };
		8BE78D1921C46BEB0007C1F8 /* WellbeingUITests.xctest */ = {isa = PBXFileReference; explicitFileType = wrapper.cfbundle; includeInIndex = 0; path = WellbeingUITests.xctest; sourceTree = BUILT_PRODUCTS_DIR; };
		8BE78D1D21C46BEB0007C1F8 /* WellbeingUITests.swift */ = {isa = PBXFileReference; lastKnownFileType = sourcecode.swift; path = WellbeingUITests.swift; sourceTree = "<group>"; };
		8BE78D1F21C46BEB0007C1F8 /* Info.plist */ = {isa = PBXFileReference; lastKnownFileType = text.plist.xml; path = Info.plist; sourceTree = "<group>"; };
		8BE78D2B21C472C90007C1F8 /* ConsentTask.swift */ = {isa = PBXFileReference; lastKnownFileType = sourcecode.swift; path = ConsentTask.swift; sourceTree = "<group>"; };
/* End PBXFileReference section */

/* Begin PBXFrameworksBuildPhase section */
		8BE78CF421C46BEA0007C1F8 /* Frameworks */ = {
			isa = PBXFrameworksBuildPhase;
			buildActionMask = 2147483647;
			files = (
				8BD103E021D821A200B5A4ED /* ResearchKit.framework in Frameworks */,
				8B0B82FF21C55E7A00D6DC4C /* ResearchKit.framework in Frameworks */,
			);
			runOnlyForDeploymentPostprocessing = 0;
		};
		8BE78D0B21C46BEB0007C1F8 /* Frameworks */ = {
			isa = PBXFrameworksBuildPhase;
			buildActionMask = 2147483647;
			files = (
			);
			runOnlyForDeploymentPostprocessing = 0;
		};
		8BE78D1621C46BEB0007C1F8 /* Frameworks */ = {
			isa = PBXFrameworksBuildPhase;
			buildActionMask = 2147483647;
			files = (
			);
			runOnlyForDeploymentPostprocessing = 0;
		};
/* End PBXFrameworksBuildPhase section */

/* Begin PBXGroup section */
		8B0B82F521C55E6000D6DC4C /* Products */ = {
			isa = PBXGroup;
			children = (
				8B0B82FB21C55E6100D6DC4C /* ResearchKit.framework */,
				8B0B82FD21C55E6100D6DC4C /* ResearchKitTests.xctest */,
			);
			name = Products;
			sourceTree = "<group>";
		};
		8B0B82FE21C55E7A00D6DC4C /* Frameworks */ = {
			isa = PBXGroup;
			children = (
			);
			name = Frameworks;
			sourceTree = "<group>";
		};
		8BE78CEE21C46BEA0007C1F8 = {
			isa = PBXGroup;
			children = (
				8B0B82F421C55E6000D6DC4C /* ResearchKit.xcodeproj */,
				8BE78CF921C46BEA0007C1F8 /* Wellbeing */,
				8BE78D1121C46BEB0007C1F8 /* WellbeingTests */,
				8BE78D1C21C46BEB0007C1F8 /* WellbeingUITests */,
				8BE78CF821C46BEA0007C1F8 /* Products */,
				8B0B82FE21C55E7A00D6DC4C /* Frameworks */,
			);
			sourceTree = "<group>";
		};
		8BE78CF821C46BEA0007C1F8 /* Products */ = {
			isa = PBXGroup;
			children = (
				8BE78CF721C46BEA0007C1F8 /* Wellbeing.app */,
				8BE78D0E21C46BEB0007C1F8 /* WellbeingTests.xctest */,
				8BE78D1921C46BEB0007C1F8 /* WellbeingUITests.xctest */,
			);
			name = Products;
			sourceTree = "<group>";
		};
		8BE78CF921C46BEA0007C1F8 /* Wellbeing */ = {
			isa = PBXGroup;
			children = (
				8BE78CFA21C46BEA0007C1F8 /* AppDelegate.swift */,
				8BE78CFC21C46BEA0007C1F8 /* ViewController.swift */,
				8BE78CFE21C46BEA0007C1F8 /* Main.storyboard */,
				8BE78D2B21C472C90007C1F8 /* ConsentTask.swift */,
				8BE78D0421C46BEB0007C1F8 /* Assets.xcassets */,
				8BE78D0621C46BEB0007C1F8 /* LaunchScreen.storyboard */,
				8BE78D0921C46BEB0007C1F8 /* Info.plist */,
				8BE78D0121C46BEA0007C1F8 /* Wellbeing.xcdatamodeld */,
				8B0B830021C561F100D6DC4C /* WellbeingAssessTask.swift */,
				8B46519D21C721100090C4A7 /* BarriersTask.swift */,
			);
			path = Wellbeing;
			sourceTree = "<group>";
		};
		8BE78D1121C46BEB0007C1F8 /* WellbeingTests */ = {
			isa = PBXGroup;
			children = (
				8BE78D1221C46BEB0007C1F8 /* WellbeingTests.swift */,
				8BE78D1421C46BEB0007C1F8 /* Info.plist */,
			);
			path = WellbeingTests;
			sourceTree = "<group>";
		};
		8BE78D1C21C46BEB0007C1F8 /* WellbeingUITests */ = {
			isa = PBXGroup;
			children = (
				8BE78D1D21C46BEB0007C1F8 /* WellbeingUITests.swift */,
				8BE78D1F21C46BEB0007C1F8 /* Info.plist */,
			);
			path = WellbeingUITests;
			sourceTree = "<group>";
		};
/* End PBXGroup section */

/* Begin PBXNativeTarget section */
		8BE78CF621C46BEA0007C1F8 /* Wellbeing */ = {
			isa = PBXNativeTarget;
			buildConfigurationList = 8BE78D2221C46BEB0007C1F8 /* Build configuration list for PBXNativeTarget "Wellbeing" */;
			buildPhases = (
				8BE78CF321C46BEA0007C1F8 /* Sources */,
				8BE78CF421C46BEA0007C1F8 /* Frameworks */,
				8BE78CF521C46BEA0007C1F8 /* Resources */,
				8BD103E421D821A200B5A4ED /* Embed Frameworks */,
			);
			buildRules = (
			);
			dependencies = (
				8BD103E321D821A200B5A4ED /* PBXTargetDependency */,
			);
			name = Wellbeing;
			productName = Wellbeing;
			productReference = 8BE78CF721C46BEA0007C1F8 /* Wellbeing.app */;
			productType = "com.apple.product-type.application";
		};
		8BE78D0D21C46BEB0007C1F8 /* WellbeingTests */ = {
			isa = PBXNativeTarget;
			buildConfigurationList = 8BE78D2521C46BEB0007C1F8 /* Build configuration list for PBXNativeTarget "WellbeingTests" */;
			buildPhases = (
				8BE78D0A21C46BEB0007C1F8 /* Sources */,
				8BE78D0B21C46BEB0007C1F8 /* Frameworks */,
				8BE78D0C21C46BEB0007C1F8 /* Resources */,
			);
			buildRules = (
			);
			dependencies = (
				8BE78D1021C46BEB0007C1F8 /* PBXTargetDependency */,
			);
			name = WellbeingTests;
			productName = WellbeingTests;
			productReference = 8BE78D0E21C46BEB0007C1F8 /* WellbeingTests.xctest */;
			productType = "com.apple.product-type.bundle.unit-test";
		};
		8BE78D1821C46BEB0007C1F8 /* WellbeingUITests */ = {
			isa = PBXNativeTarget;
			buildConfigurationList = 8BE78D2821C46BEB0007C1F8 /* Build configuration list for PBXNativeTarget "WellbeingUITests" */;
			buildPhases = (
				8BE78D1521C46BEB0007C1F8 /* Sources */,
				8BE78D1621C46BEB0007C1F8 /* Frameworks */,
				8BE78D1721C46BEB0007C1F8 /* Resources */,
			);
			buildRules = (
			);
			dependencies = (
				8BE78D1B21C46BEB0007C1F8 /* PBXTargetDependency */,
			);
			name = WellbeingUITests;
			productName = WellbeingUITests;
			productReference = 8BE78D1921C46BEB0007C1F8 /* WellbeingUITests.xctest */;
			productType = "com.apple.product-type.bundle.ui-testing";
		};
/* End PBXNativeTarget section */

/* Begin PBXProject section */
		8BE78CEF21C46BEA0007C1F8 /* Project object */ = {
			isa = PBXProject;
			attributes = {
				LastSwiftUpdateCheck = 1010;
				LastUpgradeCheck = 1010;
				ORGANIZATIONNAME = "Christopher Johnson";
				TargetAttributes = {
					8BE78CF621C46BEA0007C1F8 = {
						CreatedOnToolsVersion = 10.1;
					};
					8BE78D0D21C46BEB0007C1F8 = {
						CreatedOnToolsVersion = 10.1;
						TestTargetID = 8BE78CF621C46BEA0007C1F8;
					};
					8BE78D1821C46BEB0007C1F8 = {
						CreatedOnToolsVersion = 10.1;
						TestTargetID = 8BE78CF621C46BEA0007C1F8;
					};
				};
			};
			buildConfigurationList = 8BE78CF221C46BEA0007C1F8 /* Build configuration list for PBXProject "Wellbeing" */;
			compatibilityVersion = "Xcode 9.3";
			developmentRegion = en;
			hasScannedForEncodings = 0;
			knownRegions = (
				en,
				Base,
			);
			mainGroup = 8BE78CEE21C46BEA0007C1F8;
			productRefGroup = 8BE78CF821C46BEA0007C1F8 /* Products */;
			projectDirPath = "";
			projectReferences = (
				{
					ProductGroup = 8B0B82F521C55E6000D6DC4C /* Products */;
					ProjectRef = 8B0B82F421C55E6000D6DC4C /* ResearchKit.xcodeproj */;
				},
			);
			projectRoot = "";
			targets = (
				8BE78CF621C46BEA0007C1F8 /* Wellbeing */,
				8BE78D0D21C46BEB0007C1F8 /* WellbeingTests */,
				8BE78D1821C46BEB0007C1F8 /* WellbeingUITests */,
			);
		};
/* End PBXProject section */

/* Begin PBXReferenceProxy section */
		8B0B82FB21C55E6100D6DC4C /* ResearchKit.framework */ = {
			isa = PBXReferenceProxy;
			fileType = wrapper.framework;
			path = ResearchKit.framework;
			remoteRef = 8B0B82FA21C55E6100D6DC4C /* PBXContainerItemProxy */;
			sourceTree = BUILT_PRODUCTS_DIR;
		};
		8B0B82FD21C55E6100D6DC4C /* ResearchKitTests.xctest */ = {
			isa = PBXReferenceProxy;
			fileType = wrapper.cfbundle;
			path = ResearchKitTests.xctest;
			remoteRef = 8B0B82FC21C55E6100D6DC4C /* PBXContainerItemProxy */;
			sourceTree = BUILT_PRODUCTS_DIR;
		};
/* End PBXReferenceProxy section */

/* Begin PBXResourcesBuildPhase section */
		8BE78CF521C46BEA0007C1F8 /* Resources */ = {
			isa = PBXResourcesBuildPhase;
			buildActionMask = 2147483647;
			files = (
				8BE78D0821C46BEB0007C1F8 /* LaunchScreen.storyboard in Resources */,
				8BE78D0521C46BEB0007C1F8 /* Assets.xcassets in Resources */,
				8BE78D0021C46BEA0007C1F8 /* Main.storyboard in Resources */,
			);
			runOnlyForDeploymentPostprocessing = 0;
		};
		8BE78D0C21C46BEB0007C1F8 /* Resources */ = {
			isa = PBXResourcesBuildPhase;
			buildActionMask = 2147483647;
			files = (
			);
			runOnlyForDeploymentPostprocessing = 0;
		};
		8BE78D1721C46BEB0007C1F8 /* Resources */ = {
			isa = PBXResourcesBuildPhase;
			buildActionMask = 2147483647;
			files = (
			);
			runOnlyForDeploymentPostprocessing = 0;
		};
/* End PBXResourcesBuildPhase section */

/* Begin PBXSourcesBuildPhase section */
		8BE78CF321C46BEA0007C1F8 /* Sources */ = {
			isa = PBXSourcesBuildPhase;
			buildActionMask = 2147483647;
			files = (
				8B46519E21C721100090C4A7 /* BarriersTask.swift in Sources */,
				8BE78CFD21C46BEA0007C1F8 /* ViewController.swift in Sources */,
				8BE78D2C21C472C90007C1F8 /* ConsentTask.swift in Sources */,
				8BE78D0321C46BEA0007C1F8 /* Wellbeing.xcdatamodeld in Sources */,
				8B0B830121C561F100D6DC4C /* WellbeingAssessTask.swift in Sources */,
				8BE78CFB21C46BEA0007C1F8 /* AppDelegate.swift in Sources */,
			);
			runOnlyForDeploymentPostprocessing = 0;
		};
		8BE78D0A21C46BEB0007C1F8 /* Sources */ = {
			isa = PBXSourcesBuildPhase;
			buildActionMask = 2147483647;
			files = (
				8BD103D921D81DA200B5A4ED /* ViewController.swift in Sources */,
				8BE78D1321C46BEB0007C1F8 /* WellbeingTests.swift in Sources */,
			);
			runOnlyForDeploymentPostprocessing = 0;
		};
		8BE78D1521C46BEB0007C1F8 /* Sources */ = {
			isa = PBXSourcesBuildPhase;
			buildActionMask = 2147483647;
			files = (
				8BD103DD21D81DA300B5A4ED /* ViewController.swift in Sources */,
				8BE78D1E21C46BEB0007C1F8 /* WellbeingUITests.swift in Sources */,
			);
			runOnlyForDeploymentPostprocessing = 0;
		};
/* End PBXSourcesBuildPhase section */

/* Begin PBXTargetDependency section */
		8BD103E321D821A200B5A4ED /* PBXTargetDependency */ = {
			isa = PBXTargetDependency;
			name = ResearchKit;
			targetProxy = 8BD103E221D821A200B5A4ED /* PBXContainerItemProxy */;
		};
		8BE78D1021C46BEB0007C1F8 /* PBXTargetDependency */ = {
			isa = PBXTargetDependency;
			target = 8BE78CF621C46BEA0007C1F8 /* Wellbeing */;
			targetProxy = 8BE78D0F21C46BEB0007C1F8 /* PBXContainerItemProxy */;
		};
		8BE78D1B21C46BEB0007C1F8 /* PBXTargetDependency */ = {
			isa = PBXTargetDependency;
			target = 8BE78CF621C46BEA0007C1F8 /* Wellbeing */;
			targetProxy = 8BE78D1A21C46BEB0007C1F8 /* PBXContainerItemProxy */;
		};
/* End PBXTargetDependency section */

/* Begin PBXVariantGroup section */
		8BE78CFE21C46BEA0007C1F8 /* Main.storyboard */ = {
			isa = PBXVariantGroup;
			children = (
				8BE78CFF21C46BEA0007C1F8 /* Base */,
			);
			name = Main.storyboard;
			sourceTree = "<group>";
		};
		8BE78D0621C46BEB0007C1F8 /* LaunchScreen.storyboard */ = {
			isa = PBXVariantGroup;
			children = (
				8BE78D0721C46BEB0007C1F8 /* Base */,
			);
			name = LaunchScreen.storyboard;
			sourceTree = "<group>";
		};
/* End PBXVariantGroup section */

/* Begin XCBuildConfiguration section */
		8BE78D2021C46BEB0007C1F8 /* Debug */ = {
			isa = XCBuildConfiguration;
			buildSettings = {
				ALWAYS_SEARCH_USER_PATHS = YES;
				CLANG_ANALYZER_NONNULL = YES;
				CLANG_ANALYZER_NUMBER_OBJECT_CONVERSION = YES_AGGRESSIVE;
				CLANG_CXX_LANGUAGE_STANDARD = "gnu++14";
				CLANG_CXX_LIBRARY = "libc++";
				CLANG_ENABLE_MODULES = YES;
				CLANG_ENABLE_OBJC_ARC = YES;
				CLANG_ENABLE_OBJC_WEAK = YES;
				CLANG_WARN_BLOCK_CAPTURE_AUTORELEASING = YES;
				CLANG_WARN_BOOL_CONVERSION = YES;
				CLANG_WARN_COMMA = YES;
				CLANG_WARN_CONSTANT_CONVERSION = YES;
				CLANG_WARN_DEPRECATED_OBJC_IMPLEMENTATIONS = YES;
				CLANG_WARN_DIRECT_OBJC_ISA_USAGE = YES_ERROR;
				CLANG_WARN_DOCUMENTATION_COMMENTS = YES;
				CLANG_WARN_EMPTY_BODY = YES;
				CLANG_WARN_ENUM_CONVERSION = YES;
				CLANG_WARN_INFINITE_RECURSION = YES;
				CLANG_WARN_INT_CONVERSION = YES;
				CLANG_WARN_NON_LITERAL_NULL_CONVERSION = YES;
				CLANG_WARN_OBJC_IMPLICIT_RETAIN_SELF = YES;
				CLANG_WARN_OBJC_LITERAL_CONVERSION = YES;
				CLANG_WARN_OBJC_ROOT_CLASS = YES_ERROR;
				CLANG_WARN_RANGE_LOOP_ANALYSIS = YES;
				CLANG_WARN_STRICT_PROTOTYPES = YES;
				CLANG_WARN_SUSPICIOUS_MOVE = YES;
				CLANG_WARN_UNGUARDED_AVAILABILITY = YES_AGGRESSIVE;
				CLANG_WARN_UNREACHABLE_CODE = YES;
				CLANG_WARN__DUPLICATE_METHOD_MATCH = YES;
				CODE_SIGN_IDENTITY = "iPhone Developer";
				COPY_PHASE_STRIP = NO;
				DEBUG_INFORMATION_FORMAT = dwarf;
				ENABLE_STRICT_OBJC_MSGSEND = YES;
				ENABLE_TESTABILITY = YES;
				FRAMEWORK_SEARCH_PATHS = "$(SRCROOT)/**";
				GCC_C_LANGUAGE_STANDARD = gnu11;
				GCC_DYNAMIC_NO_PIC = NO;
				GCC_NO_COMMON_BLOCKS = YES;
				GCC_OPTIMIZATION_LEVEL = 0;
				GCC_PREPROCESSOR_DEFINITIONS = (
					"DEBUG=1",
					"$(inherited)",
				);
				GCC_WARN_64_TO_32_BIT_CONVERSION = YES;
				GCC_WARN_ABOUT_RETURN_TYPE = YES_ERROR;
				GCC_WARN_UNDECLARED_SELECTOR = YES;
				GCC_WARN_UNINITIALIZED_AUTOS = YES_AGGRESSIVE;
				GCC_WARN_UNUSED_FUNCTION = YES;
				GCC_WARN_UNUSED_VARIABLE = YES;
				IPHONEOS_DEPLOYMENT_TARGET = 12.1;
				MTL_ENABLE_DEBUG_INFO = INCLUDE_SOURCE;
				MTL_FAST_MATH = YES;
				ONLY_ACTIVE_ARCH = YES;
				SDKROOT = iphoneos;
				SWIFT_ACTIVE_COMPILATION_CONDITIONS = DEBUG;
				SWIFT_OPTIMIZATION_LEVEL = "-Onone";
			};
			name = Debug;
		};
		8BE78D2121C46BEB0007C1F8 /* Release */ = {
			isa = XCBuildConfiguration;
			buildSettings = {
				ALWAYS_SEARCH_USER_PATHS = YES;
				CLANG_ANALYZER_NONNULL = YES;
				CLANG_ANALYZER_NUMBER_OBJECT_CONVERSION = YES_AGGRESSIVE;
				CLANG_CXX_LANGUAGE_STANDARD = "gnu++14";
				CLANG_CXX_LIBRARY = "libc++";
				CLANG_ENABLE_MODULES = YES;
				CLANG_ENABLE_OBJC_ARC = YES;
				CLANG_ENABLE_OBJC_WEAK = YES;
				CLANG_WARN_BLOCK_CAPTURE_AUTORELEASING = YES;
				CLANG_WARN_BOOL_CONVERSION = YES;
				CLANG_WARN_COMMA = YES;
				CLANG_WARN_CONSTANT_CONVERSION = YES;
				CLANG_WARN_DEPRECATED_OBJC_IMPLEMENTATIONS = YES;
				CLANG_WARN_DIRECT_OBJC_ISA_USAGE = YES_ERROR;
				CLANG_WARN_DOCUMENTATION_COMMENTS = YES;
				CLANG_WARN_EMPTY_BODY = YES;
				CLANG_WARN_ENUM_CONVERSION = YES;
				CLANG_WARN_INFINITE_RECURSION = YES;
				CLANG_WARN_INT_CONVERSION = YES;
				CLANG_WARN_NON_LITERAL_NULL_CONVERSION = YES;
				CLANG_WARN_OBJC_IMPLICIT_RETAIN_SELF = YES;
				CLANG_WARN_OBJC_LITERAL_CONVERSION = YES;
				CLANG_WARN_OBJC_ROOT_CLASS = YES_ERROR;
				CLANG_WARN_RANGE_LOOP_ANALYSIS = YES;
				CLANG_WARN_STRICT_PROTOTYPES = YES;
				CLANG_WARN_SUSPICIOUS_MOVE = YES;
				CLANG_WARN_UNGUARDED_AVAILABILITY = YES_AGGRESSIVE;
				CLANG_WARN_UNREACHABLE_CODE = YES;
				CLANG_WARN__DUPLICATE_METHOD_MATCH = YES;
				CODE_SIGN_IDENTITY = "iPhone Developer";
				COPY_PHASE_STRIP = NO;
				DEBUG_INFORMATION_FORMAT = "dwarf-with-dsym";
				ENABLE_NS_ASSERTIONS = NO;
				ENABLE_STRICT_OBJC_MSGSEND = YES;
				FRAMEWORK_SEARCH_PATHS = "$(SRCROOT)/**";
				GCC_C_LANGUAGE_STANDARD = gnu11;
				GCC_NO_COMMON_BLOCKS = YES;
				GCC_WARN_64_TO_32_BIT_CONVERSION = YES;
				GCC_WARN_ABOUT_RETURN_TYPE = YES_ERROR;
				GCC_WARN_UNDECLARED_SELECTOR = YES;
				GCC_WARN_UNINITIALIZED_AUTOS = YES_AGGRESSIVE;
				GCC_WARN_UNUSED_FUNCTION = YES;
				GCC_WARN_UNUSED_VARIABLE = YES;
				IPHONEOS_DEPLOYMENT_TARGET = 12.1;
				MTL_ENABLE_DEBUG_INFO = NO;
				MTL_FAST_MATH = YES;
				SDKROOT = iphoneos;
				SWIFT_COMPILATION_MODE = wholemodule;
				SWIFT_OPTIMIZATION_LEVEL = "-O";
				VALIDATE_PRODUCT = YES;
			};
			name = Release;
		};
		8BE78D2321C46BEB0007C1F8 /* Debug */ = {
			isa = XCBuildConfiguration;
			buildSettings = {
				ALWAYS_EMBED_SWIFT_STANDARD_LIBRARIES = YES;
				ASSETCATALOG_COMPILER_APPICON_NAME = AppIcon;
				CODE_SIGN_STYLE = Automatic;
				DEVELOPMENT_TEAM = ZVKM6PETHB;
				INFOPLIST_FILE = Wellbeing/Info.plist;
				LD_RUNPATH_SEARCH_PATHS = (
					"$(inherited)",
					"@executable_path/Frameworks",
				);
				PRODUCT_BUNDLE_IDENTIFIER = com.skyfarmeducation.Wellbeing;
				PRODUCT_NAME = "$(TARGET_NAME)";
				SWIFT_VERSION = 4.2;
				TARGETED_DEVICE_FAMILY = "1,2";
			};
			name = Debug;
		};
		8BE78D2421C46BEB0007C1F8 /* Release */ = {
			isa = XCBuildConfiguration;
			buildSettings = {
				ALWAYS_EMBED_SWIFT_STANDARD_LIBRARIES = YES;
				ASSETCATALOG_COMPILER_APPICON_NAME = AppIcon;
				CODE_SIGN_STYLE = Automatic;
				DEVELOPMENT_TEAM = ZVKM6PETHB;
				INFOPLIST_FILE = Wellbeing/Info.plist;
				LD_RUNPATH_SEARCH_PATHS = (
					"$(inherited)",
					"@executable_path/Frameworks",
				);
				PRODUCT_BUNDLE_IDENTIFIER = com.skyfarmeducation.Wellbeing;
				PRODUCT_NAME = "$(TARGET_NAME)";
				SWIFT_VERSION = 4.2;
				TARGETED_DEVICE_FAMILY = "1,2";
			};
			name = Release;
		};
		8BE78D2621C46BEB0007C1F8 /* Debug */ = {
			isa = XCBuildConfiguration;
			buildSettings = {
				ALWAYS_EMBED_SWIFT_STANDARD_LIBRARIES = YES;
				BUNDLE_LOADER = "$(TEST_HOST)";
				CODE_SIGN_STYLE = Automatic;
				DEVELOPMENT_TEAM = ZVKM6PETHB;
				INFOPLIST_FILE = WellbeingTests/Info.plist;
				LD_RUNPATH_SEARCH_PATHS = (
					"$(inherited)",
					"@executable_path/Frameworks",
					"@loader_path/Frameworks",
				);
				PRODUCT_BUNDLE_IDENTIFIER = com.skyfarmeducation.WellbeingTests;
				PRODUCT_NAME = "$(TARGET_NAME)";
				SWIFT_VERSION = 4.2;
				TARGETED_DEVICE_FAMILY = "1,2";
				TEST_HOST = "$(BUILT_PRODUCTS_DIR)/Wellbeing.app/Wellbeing";
			};
			name = Debug;
		};
		8BE78D2721C46BEB0007C1F8 /* Release */ = {
			isa = XCBuildConfiguration;
			buildSettings = {
				ALWAYS_EMBED_SWIFT_STANDARD_LIBRARIES = YES;
				BUNDLE_LOADER = "$(TEST_HOST)";
				CODE_SIGN_STYLE = Automatic;
				DEVELOPMENT_TEAM = ZVKM6PETHB;
				INFOPLIST_FILE = WellbeingTests/Info.plist;
				LD_RUNPATH_SEARCH_PATHS = (
					"$(inherited)",
					"@executable_path/Frameworks",
					"@loader_path/Frameworks",
				);
				PRODUCT_BUNDLE_IDENTIFIER = com.skyfarmeducation.WellbeingTests;
				PRODUCT_NAME = "$(TARGET_NAME)";
				SWIFT_VERSION = 4.2;
				TARGETED_DEVICE_FAMILY = "1,2";
				TEST_HOST = "$(BUILT_PRODUCTS_DIR)/Wellbeing.app/Wellbeing";
			};
			name = Release;
		};
		8BE78D2921C46BEB0007C1F8 /* Debug */ = {
			isa = XCBuildConfiguration;
			buildSettings = {
				ALWAYS_EMBED_SWIFT_STANDARD_LIBRARIES = YES;
				CODE_SIGN_STYLE = Automatic;
				DEVELOPMENT_TEAM = ZVKM6PETHB;
				INFOPLIST_FILE = WellbeingUITests/Info.plist;
				LD_RUNPATH_SEARCH_PATHS = (
					"$(inherited)",
					"@executable_path/Frameworks",
					"@loader_path/Frameworks",
				);
				PRODUCT_BUNDLE_IDENTIFIER = com.skyfarmeducation.WellbeingUITests;
				PRODUCT_NAME = "$(TARGET_NAME)";
				SWIFT_VERSION = 4.2;
				TARGETED_DEVICE_FAMILY = "1,2";
				TEST_TARGET_NAME = Wellbeing;
			};
			name = Debug;
		};
		8BE78D2A21C46BEB0007C1F8 /* Release */ = {
			isa = XCBuildConfiguration;
			buildSettings = {
				ALWAYS_EMBED_SWIFT_STANDARD_LIBRARIES = YES;
				CODE_SIGN_STYLE = Automatic;
				DEVELOPMENT_TEAM = ZVKM6PETHB;
				INFOPLIST_FILE = WellbeingUITests/Info.plist;
				LD_RUNPATH_SEARCH_PATHS = (
					"$(inherited)",
					"@executable_path/Frameworks",
					"@loader_path/Frameworks",
				);
				PRODUCT_BUNDLE_IDENTIFIER = com.skyfarmeducation.WellbeingUITests;
				PRODUCT_NAME = "$(TARGET_NAME)";
				SWIFT_VERSION = 4.2;
				TARGETED_DEVICE_FAMILY = "1,2";
				TEST_TARGET_NAME = Wellbeing;
			};
			name = Release;
		};
/* End XCBuildConfiguration section */

/* Begin XCConfigurationList section */
		8BE78CF221C46BEA0007C1F8 /* Build configuration list for PBXProject "Wellbeing" */ = {
			isa = XCConfigurationList;
			buildConfigurations = (
				8BE78D2021C46BEB0007C1F8 /* Debug */,
				8BE78D2121C46BEB0007C1F8 /* Release */,
			);
			defaultConfigurationIsVisible = 0;
			defaultConfigurationName = Release;
		};
		8BE78D2221C46BEB0007C1F8 /* Build configuration list for PBXNativeTarget "Wellbeing" */ = {
			isa = XCConfigurationList;
			buildConfigurations = (
				8BE78D2321C46BEB0007C1F8 /* Debug */,
				8BE78D2421C46BEB0007C1F8 /* Release */,
			);
			defaultConfigurationIsVisible = 0;
			defaultConfigurationName = Release;
		};
		8BE78D2521C46BEB0007C1F8 /* Build configuration list for PBXNativeTarget "WellbeingTests" */ = {
			isa = XCConfigurationList;
			buildConfigurations = (
				8BE78D2621C46BEB0007C1F8 /* Debug */,
				8BE78D2721C46BEB0007C1F8 /* Release */,
			);
			defaultConfigurationIsVisible = 0;
			defaultConfigurationName = Release;
		};
		8BE78D2821C46BEB0007C1F8 /* Build configuration list for PBXNativeTarget "WellbeingUITests" */ = {
			isa = XCConfigurationList;
			buildConfigurations = (
				8BE78D2921C46BEB0007C1F8 /* Debug */,
				8BE78D2A21C46BEB0007C1F8 /* Release */,
			);
			defaultConfigurationIsVisible = 0;
			defaultConfigurationName = Release;
		};
/* End XCConfigurationList section */

/* Begin XCVersionGroup section */
		8BE78D0121C46BEA0007C1F8 /* Wellbeing.xcdatamodeld */ = {
			isa = XCVersionGroup;
			children = (
				8BE78D0221C46BEA0007C1F8 /* Wellbeing.xcdatamodel */,
			);
			currentVersion = 8BE78D0221C46BEA0007C1F8 /* Wellbeing.xcdatamodel */;
			path = Wellbeing.xcdatamodeld;
			sourceTree = "<group>";
			versionGroupType = wrapper.xcdatamodel;
		};
/* End XCVersionGroup section */
	};
	rootObject = 8BE78CEF21C46BEA0007C1F8 /* Project object */;
}
